
Microsoft Visual Studio Solution File, Format Version 12.00
# Visual Studio Version 17
VisualStudioVersion = 17.5.33627.172
MinimumVisualStudioVersion = 10.0.40219.1
Project("{FAE04EC0-301F-11D3-BF4B-00C04F79EFBC}") = "StringSorter", "StringSorter.csproj", "{D6FEBBB4-4B26-4B75-8EF7-437B169ABB1C}"
EndProject
Project("{FAE04EC0-301F-11D3-BF4B-00C04F79EFBC}") = "ServicesTest", "ServicesTest\ServicesTest.csproj", "{798D369C-3953-4971-A288-6B13B36F7CC0}"
EndProject
Global
	GlobalSection(SolutionConfigurationPlatforms) = preSolution
		Debug|Any CPU = Debug|Any CPU
		Release|Any CPU = Release|Any CPU
	EndGlobalSection
	GlobalSection(ProjectConfigurationPlatforms) = postSolution
		{D6FEBBB4-4B26-4B75-8EF7-437B169ABB1C}.Debug|Any CPU.ActiveCfg = Debug|Any CPU
		{D6FEBBB4-4B26-4B75-8EF7-437B169ABB1C}.Debug|Any CPU.Build.0 = Debug|Any CPU
		{D6FEBBB4-4B26-4B75-8EF7-437B169ABB1C}.Release|Any CPU.ActiveCfg = Release|Any CPU
		{D6FEBBB4-4B26-4B75-8EF7-437B169ABB1C}.Release|Any CPU.Build.0 = Release|Any CPU
		{798D369C-3953-4971-A288-6B13B36F7CC0}.Debug|Any CPU.ActiveCfg = Debug|Any CPU
		{798D369C-3953-4971-A288-6B13B36F7CC0}.Debug|Any CPU.Build.0 = Debug|Any CPU
		{798D369C-3953-4971-A288-6B13B36F7CC0}.Release|Any CPU.ActiveCfg = Release|Any CPU
		{798D369C-3953-4971-A288-6B13B36F7CC0}.Release|Any CPU.Build.0 = Release|Any CPU
	EndGlobalSection
	GlobalSection(SolutionProperties) = preSolution
		HideSolutionNode = FALSE
	EndGlobalSection
	GlobalSection(ExtensibilityGlobals) = postSolution
		SolutionGuid = {F9A7053A-6E50-4E7F-AF0F-15E2FD7A4FFA}
	EndGlobalSection
EndGlobal
